<?xml version="1.0" encoding="utf-8"?>
<Project ToolsVersion="4.0" xmlns="http://schemas.microsoft.com/developer/msbuild/2003">
  <ItemGroup>
    <Filter Include="Source Files">
      <UniqueIdentifier>{4FC737F1-C7A5-4376-A066-2A32D752A2FF}</UniqueIdentifier>
      <Extensions>cpp;c;cc;cxx;def;odl;idl;hpj;bat;asm;asmx</Extensions>
    </Filter>
    <Filter Include="Header Files">
      <UniqueIdentifier>{93995380-89BD-4b04-88EB-625FBE52EBFB}</UniqueIdentifier>
      <Extensions>h;hpp;hxx;hm;inl;inc;xsd</Extensions>
    </Filter>
    <Filter Include="Resource Files">
      <UniqueIdentifier>{67DA6AB6-F800-4c08-8B7A-83BB121AAD01}</UniqueIdentifier>
      <Extensions>rc;ico;cur;bmp;dlg;rc2;rct;bin;rgs;gif;jpg;jpeg;jpe;resx;tiff;tif;png;wav</Extensions>
    </Filter>
    <Filter Include="code">
      <UniqueIdentifier>{e73b1c5a-3a9e-4e33-b1db-2873d9310caf}</UniqueIdentifier>
    </Filter>
    <Filter Include="Libs">
      <UniqueIdentifier>{9dd59fe9-a469-403c-b694-5026dfc2628b}</UniqueIdentifier>
    </Filter>
    <Filter Include="stub">
      <UniqueIdentifier>{83d61f8b-0620-41d0-b924-92a0e5622fdd}</UniqueIdentifier>
    </Filter>
    <Filter Include="Listings">
      <UniqueIdentifier>{6e55bf13-deb8-4983-acec-9e87418bd2f1}</UniqueIdentifier>
    </Filter>
    <Filter Include="Listings\LSP">
      <UniqueIdentifier>{3760c4ee-d4ae-4185-af34-fe541e7015d7}</UniqueIdentifier>
    </Filter>
    <Filter Include="MAIN">
      <UniqueIdentifier>{5c72e12f-d077-462c-b971-518a1aa8e5ef}</UniqueIdentifier>
    </Filter>
    <Filter Include="def">
      <UniqueIdentifier>{e0ce0f3e-b77e-4496-a944-461075c35404}</UniqueIdentifier>
    </Filter>
  </ItemGroup>
  <ItemGroup>
    <ClCompile Include="..\OutC\myeq.c">
      <Filter>Source Files</Filter>
    </ClCompile>
    <ClCompile Include="..\OutC\solvemyeq.c">
      <Filter>Source Files</Filter>
    </ClCompile>
    <ClCompile Include="..\MexSRC\ExMex1.c">
      <Filter>Libs</Filter>
    </ClCompile>
    <ClCompile Include="..\Stubs\SIMO.c">
      <Filter>stub</Filter>
    </ClCompile>
    <ClCompile Include="..\OutC\TestO._init_hash_data.c">
      <Filter>MAIN</Filter>
    </ClCompile>
    <ClCompile Include="..\OutC\TestO.c">
      <Filter>MAIN</Filter>
    </ClCompile>
    <ClCompile Include="..\OutC\TestO.globals.c">
      <Filter>MAIN</Filter>
    </ClCompile>
  </ItemGroup>
  <ItemGroup>
    <ClInclude Include="..\OutC\stdtmc.h">
      <Filter>Source Files</Filter>
    </ClInclude>
    <ClInclude Include="..\Stubs\External_func.h">
      <Filter>Header Files</Filter>
    </ClInclude>
    <ClInclude Include="..\OutC\TestO.globals.h">
      <Filter>MAIN</Filter>
    </ClInclude>
  </ItemGroup>
  <ItemGroup>
    <Text Include="..\OutC\TestO.inputfilelist.txt">
      <Filter>Listings</Filter>
    </Text>
    <Text Include="..\OutC\TestO.srcfilelist.txt">
      <Filter>Listings</Filter>
    </Text>
    <Text Include="..\OutC\testO2.err.log">
      <Filter>Listings</Filter>
    </Text>
    <Text Include="..\OutL\TestO.filelist.txt">
      <Filter>Listings\LSP</Filter>
    </Text>
    <Text Include="..\OutL\testO.lsp.txt">
      <Filter>Listings\LSP</Filter>
    </Text>
  </ItemGroup>
  <ItemGroup>
    <None Include="..\OutL\TestO.sym.dat">
      <Filter>Listings\LSP</Filter>
    </None>
    <None Include="..\OutL\external_fnc.sym.dat">
      <Filter>MAIN</Filter>
    </None>
    <None Include="..\OutC\TestO.hash_init.dat">
      <Filter>MAIN</Filter>
    </None>
    <None Include="..\Stubs\SIMO.def">
      <Filter>def</Filter>
    </None>
  </ItemGroup>
</Project>